
Microsoft Visual Studio Solution File, Format Version 12.00
# Visual Studio Version 16
VisualStudioVersion = 16.0.29215.179
MinimumVisualStudioVersion = 10.0.40219.1
Project("{FAE04EC0-301F-11D3-BF4B-00C04F79EFBC}") = "DuplicateDetection.Console", "DuplicateDetection.Console\DuplicateDetection.Console.csproj", "{F95AE690-70AC-472E-A5F9-DC2F5C6C7D2F}"
EndProject
Global
	GlobalSection(SolutionConfigurationPlatforms) = preSolution
		Debug|Any CPU = Debug|Any CPU
		Release|Any CPU = Release|Any CPU
	EndGlobalSection
	GlobalSection(ProjectConfigurationPlatforms) = postSolution
		{F95AE690-70AC-472E-A5F9-DC2F5C6C7D2F}.Debug|Any CPU.ActiveCfg = Debug|Any CPU
		{F95AE690-70AC-472E-A5F9-DC2F5C6C7D2F}.Debug|Any CPU.Build.0 = Debug|Any CPU
		{F95AE690-70AC-472E-A5F9-DC2F5C6C7D2F}.Release|Any CPU.ActiveCfg = Release|Any CPU
		{F95AE690-70AC-472E-A5F9-DC2F5C6C7D2F}.Release|Any CPU.Build.0 = Release|Any CPU
	EndGlobalSection
	GlobalSection(SolutionProperties) = preSolution
		HideSolutionNode = FALSE
	EndGlobalSection
	GlobalSection(ExtensibilityGlobals) = postSolution
		SolutionGuid = {E4C345FC-08BF-4808-96E2-C34DA37509AF}
	EndGlobalSection
EndGlobal
